{
  "version": 4,
  "terraform_version": "1.4.6",
  "serial": 21,
  "lineage": "d39eaf04-00e6-2c6f-3a82-e2116f0e195f",
  "outputs": {},
  "resources": [
    {
      "mode": "managed",
      "type": "azurerm_resource_group",
      "name": "resourcegroup",
      "provider": "provider[\"registry.terraform.io/hashicorp/azurerm\"]",
      "instances": [
        {
          "schema_version": 0,
          "attributes": {
            "id": "/subscriptions/be7764c2-c5b2-4898-8e5b-cdec39bc2108/resourceGroups/AzureRMResource",
            "location": "southindia",
            "name": "AzureRMResource",
            "tags": {
              "enviornment": "dev",
              "owner": "hemant",
              "purpose": "demo"
            },
            "timeouts": null
          },
          "sensitive_attributes": [],
          "private": "eyJlMmJmYjczMC1lY2FhLTExZTYtOGY4OC0zNDM2M2JjN2M0YzAiOnsiY3JlYXRlIjo1NDAwMDAwMDAwMDAwLCJkZWxldGUiOjU0MDAwMDAwMDAwMDAsInJlYWQiOjMwMDAwMDAwMDAwMCwidXBkYXRlIjo1NDAwMDAwMDAwMDAwfX0="
        }
      ]
    },
    {
      "mode": "managed",
      "type": "azurerm_resource_group",
      "name": "resourcegroup2",
      "provider": "provider[\"registry.terraform.io/hashicorp/azurerm\"]",
      "instances": [
        {
          "schema_version": 0,
          "attributes": {
            "id": "/subscriptions/be7764c2-c5b2-4898-8e5b-cdec39bc2108/resourceGroups/bs_rg",
            "location": "southindia",
            "name": "bs_rg",
            "tags": {},
            "timeouts": null
          },
          "sensitive_attributes": [],
          "private": "eyJlMmJmYjczMC1lY2FhLTExZTYtOGY4OC0zNDM2M2JjN2M0YzAiOnsiY3JlYXRlIjo1NDAwMDAwMDAwMDAwLCJkZWxldGUiOjU0MDAwMDAwMDAwMDAsInJlYWQiOjMwMDAwMDAwMDAwMCwidXBkYXRlIjo1NDAwMDAwMDAwMDAwfX0="
        }
      ]
    },
    {
      "mode": "managed",
      "type": "azurerm_storage_account",
      "name": "storage_account",
      "provider": "provider[\"registry.terraform.io/hashicorp/azurerm\"]",
      "instances": [
        {
          "index_key": 0,
          "schema_version": 3,
          "attributes": {
            "access_tier": "Hot",
            "account_kind": "StorageV2",
            "account_replication_type": "LRS",
            "account_tier": "Standard",
            "allow_nested_items_to_be_public": true,
            "allowed_copy_scope": "",
            "azure_files_authentication": [],
            "blob_properties": [
              {
                "change_feed_enabled": false,
                "change_feed_retention_in_days": 0,
                "container_delete_retention_policy": [],
                "cors_rule": [],
                "default_service_version": "",
                "delete_retention_policy": [],
                "last_access_time_enabled": false,
                "restore_policy": [],
                "versioning_enabled": false
              }
            ],
            "cross_tenant_replication_enabled": true,
            "custom_domain": [],
            "customer_managed_key": [],
            "default_to_oauth_authentication": false,
            "edge_zone": "",
            "enable_https_traffic_only": true,
            "id": "/subscriptions/be7764c2-c5b2-4898-8e5b-cdec39bc2108/resourceGroups/bs_rg/providers/Microsoft.Storage/storageAccounts/plot907g1",
            "identity": [],
            "immutability_policy": [],
            "infrastructure_encryption_enabled": false,
            "is_hns_enabled": false,
            "large_file_share_enabled": null,
            "location": "southindia",
            "min_tls_version": "TLS1_2",
            "name": "plot907g1",
            "network_rules": [
              {
                "bypass": [
                  "AzureServices"
                ],
                "default_action": "Allow",
                "ip_rules": [],
                "private_link_access": [],
                "virtual_network_subnet_ids": []
              }
            ],
            "nfsv3_enabled": false,
            "primary_access_key": "NhErSyZTsCrn1CjkMCQfEykRZrjO8qN2fjDv3oRUHWBvrEpu/sPKGmMRd7Y5akee11sBCo2H7i5I+AStmWihTw==",
            "primary_blob_connection_string": "DefaultEndpointsProtocol=https;BlobEndpoint=https://plot907g1.blob.core.windows.net/;AccountName=plot907g1;AccountKey=NhErSyZTsCrn1CjkMCQfEykRZrjO8qN2fjDv3oRUHWBvrEpu/sPKGmMRd7Y5akee11sBCo2H7i5I+AStmWihTw==",
            "primary_blob_endpoint": "https://plot907g1.blob.core.windows.net/",
            "primary_blob_host": "plot907g1.blob.core.windows.net",
            "primary_connection_string": "DefaultEndpointsProtocol=https;AccountName=plot907g1;AccountKey=NhErSyZTsCrn1CjkMCQfEykRZrjO8qN2fjDv3oRUHWBvrEpu/sPKGmMRd7Y5akee11sBCo2H7i5I+AStmWihTw==;EndpointSuffix=core.windows.net",
            "primary_dfs_endpoint": "https://plot907g1.dfs.core.windows.net/",
            "primary_dfs_host": "plot907g1.dfs.core.windows.net",
            "primary_file_endpoint": "https://plot907g1.file.core.windows.net/",
            "primary_file_host": "plot907g1.file.core.windows.net",
            "primary_location": "southindia",
            "primary_queue_endpoint": "https://plot907g1.queue.core.windows.net/",
            "primary_queue_host": "plot907g1.queue.core.windows.net",
            "primary_table_endpoint": "https://plot907g1.table.core.windows.net/",
            "primary_table_host": "plot907g1.table.core.windows.net",
            "primary_web_endpoint": "https://plot907g1.z30.web.core.windows.net/",
            "primary_web_host": "plot907g1.z30.web.core.windows.net",
            "public_network_access_enabled": true,
            "queue_encryption_key_type": "Service",
            "queue_properties": [
              {
                "cors_rule": [],
                "hour_metrics": [
                  {
                    "enabled": true,
                    "include_apis": true,
                    "retention_policy_days": 7,
                    "version": "1.0"
                  }
                ],
                "logging": [
                  {
                    "delete": false,
                    "read": false,
                    "retention_policy_days": 0,
                    "version": "1.0",
                    "write": false
                  }
                ],
                "minute_metrics": [
                  {
                    "enabled": false,
                    "include_apis": false,
                    "retention_policy_days": 0,
                    "version": "1.0"
                  }
                ]
              }
            ],
            "resource_group_name": "bs_rg",
            "routing": [],
            "sas_policy": [],
            "secondary_access_key": "AMowU0w+AxITvnuE9jsfFb7vwacVTVGUpXXPSU0+SxQRo8+joBpZSkj6FovQR53wYWli+PPsUYav+AStjCMlwg==",
            "secondary_blob_connection_string": "",
            "secondary_blob_endpoint": null,
            "secondary_blob_host": null,
            "secondary_connection_string": "DefaultEndpointsProtocol=https;AccountName=plot907g1;AccountKey=AMowU0w+AxITvnuE9jsfFb7vwacVTVGUpXXPSU0+SxQRo8+joBpZSkj6FovQR53wYWli+PPsUYav+AStjCMlwg==;EndpointSuffix=core.windows.net",
            "secondary_dfs_endpoint": null,
            "secondary_dfs_host": null,
            "secondary_file_endpoint": null,
            "secondary_file_host": null,
            "secondary_location": "",
            "secondary_queue_endpoint": null,
            "secondary_queue_host": null,
            "secondary_table_endpoint": null,
            "secondary_table_host": null,
            "secondary_web_endpoint": null,
            "secondary_web_host": null,
            "sftp_enabled": false,
            "share_properties": [
              {
                "cors_rule": [],
                "retention_policy": [
                  {
                    "days": 7
                  }
                ],
                "smb": []
              }
            ],
            "shared_access_key_enabled": true,
            "static_website": [],
            "table_encryption_key_type": "Service",
            "tags": {
              "environment": "staging"
            },
            "timeouts": null
          },
          "sensitive_attributes": [],
          "private": "eyJlMmJmYjczMC1lY2FhLTExZTYtOGY4OC0zNDM2M2JjN2M0YzAiOnsiY3JlYXRlIjozNjAwMDAwMDAwMDAwLCJkZWxldGUiOjM2MDAwMDAwMDAwMDAsInJlYWQiOjMwMDAwMDAwMDAwMCwidXBkYXRlIjozNjAwMDAwMDAwMDAwfSwic2NoZW1hX3ZlcnNpb24iOiIzIn0="
        },
        {
          "index_key": 1,
          "schema_version": 3,
          "attributes": {
            "access_tier": "Hot",
            "account_kind": "StorageV2",
            "account_replication_type": "LRS",
            "account_tier": "Standard",
            "allow_nested_items_to_be_public": true,
            "allowed_copy_scope": "",
            "azure_files_authentication": [],
            "blob_properties": [
              {
                "change_feed_enabled": false,
                "change_feed_retention_in_days": 0,
                "container_delete_retention_policy": [],
                "cors_rule": [],
                "default_service_version": "",
                "delete_retention_policy": [],
                "last_access_time_enabled": false,
                "restore_policy": [],
                "versioning_enabled": false
              }
            ],
            "cross_tenant_replication_enabled": true,
            "custom_domain": [],
            "customer_managed_key": [],
            "default_to_oauth_authentication": false,
            "edge_zone": "",
            "enable_https_traffic_only": true,
            "id": "/subscriptions/be7764c2-c5b2-4898-8e5b-cdec39bc2108/resourceGroups/bs_rg/providers/Microsoft.Storage/storageAccounts/plot907g2",
            "identity": [],
            "immutability_policy": [],
            "infrastructure_encryption_enabled": false,
            "is_hns_enabled": false,
            "large_file_share_enabled": null,
            "location": "southindia",
            "min_tls_version": "TLS1_2",
            "name": "plot907g2",
            "network_rules": [
              {
                "bypass": [
                  "AzureServices"
                ],
                "default_action": "Allow",
                "ip_rules": [],
                "private_link_access": [],
                "virtual_network_subnet_ids": []
              }
            ],
            "nfsv3_enabled": false,
            "primary_access_key": "SmxzmdIIBUSEx/J6xk8YJfDiMBOmPeaeU9Udlrfue+3G4XX/84u0pN2mFiivwOIKN+5WAu2daKjh+AStvnw+Jg==",
            "primary_blob_connection_string": "DefaultEndpointsProtocol=https;BlobEndpoint=https://plot907g2.blob.core.windows.net/;AccountName=plot907g2;AccountKey=SmxzmdIIBUSEx/J6xk8YJfDiMBOmPeaeU9Udlrfue+3G4XX/84u0pN2mFiivwOIKN+5WAu2daKjh+AStvnw+Jg==",
            "primary_blob_endpoint": "https://plot907g2.blob.core.windows.net/",
            "primary_blob_host": "plot907g2.blob.core.windows.net",
            "primary_connection_string": "DefaultEndpointsProtocol=https;AccountName=plot907g2;AccountKey=SmxzmdIIBUSEx/J6xk8YJfDiMBOmPeaeU9Udlrfue+3G4XX/84u0pN2mFiivwOIKN+5WAu2daKjh+AStvnw+Jg==;EndpointSuffix=core.windows.net",
            "primary_dfs_endpoint": "https://plot907g2.dfs.core.windows.net/",
            "primary_dfs_host": "plot907g2.dfs.core.windows.net",
            "primary_file_endpoint": "https://plot907g2.file.core.windows.net/",
            "primary_file_host": "plot907g2.file.core.windows.net",
            "primary_location": "southindia",
            "primary_queue_endpoint": "https://plot907g2.queue.core.windows.net/",
            "primary_queue_host": "plot907g2.queue.core.windows.net",
            "primary_table_endpoint": "https://plot907g2.table.core.windows.net/",
            "primary_table_host": "plot907g2.table.core.windows.net",
            "primary_web_endpoint": "https://plot907g2.z30.web.core.windows.net/",
            "primary_web_host": "plot907g2.z30.web.core.windows.net",
            "public_network_access_enabled": true,
            "queue_encryption_key_type": "Service",
            "queue_properties": [
              {
                "cors_rule": [],
                "hour_metrics": [
                  {
                    "enabled": true,
                    "include_apis": true,
                    "retention_policy_days": 7,
                    "version": "1.0"
                  }
                ],
                "logging": [
                  {
                    "delete": false,
                    "read": false,
                    "retention_policy_days": 0,
                    "version": "1.0",
                    "write": false
                  }
                ],
                "minute_metrics": [
                  {
                    "enabled": false,
                    "include_apis": false,
                    "retention_policy_days": 0,
                    "version": "1.0"
                  }
                ]
              }
            ],
            "resource_group_name": "bs_rg",
            "routing": [],
            "sas_policy": [],
            "secondary_access_key": "JMwqlPfKNwV5j96YgKRX5FrPweXCXPL0dhidzvOVWwNexGVZUV21e195+meEqH3qLHl5o22MMYt4+ASt072fnA==",
            "secondary_blob_connection_string": "",
            "secondary_blob_endpoint": null,
            "secondary_blob_host": null,
            "secondary_connection_string": "DefaultEndpointsProtocol=https;AccountName=plot907g2;AccountKey=JMwqlPfKNwV5j96YgKRX5FrPweXCXPL0dhidzvOVWwNexGVZUV21e195+meEqH3qLHl5o22MMYt4+ASt072fnA==;EndpointSuffix=core.windows.net",
            "secondary_dfs_endpoint": null,
            "secondary_dfs_host": null,
            "secondary_file_endpoint": null,
            "secondary_file_host": null,
            "secondary_location": "",
            "secondary_queue_endpoint": null,
            "secondary_queue_host": null,
            "secondary_table_endpoint": null,
            "secondary_table_host": null,
            "secondary_web_endpoint": null,
            "secondary_web_host": null,
            "sftp_enabled": false,
            "share_properties": [
              {
                "cors_rule": [],
                "retention_policy": [
                  {
                    "days": 7
                  }
                ],
                "smb": []
              }
            ],
            "shared_access_key_enabled": true,
            "static_website": [],
            "table_encryption_key_type": "Service",
            "tags": {
              "environment": "staging"
            },
            "timeouts": null
          },
          "sensitive_attributes": [],
          "private": "eyJlMmJmYjczMC1lY2FhLTExZTYtOGY4OC0zNDM2M2JjN2M0YzAiOnsiY3JlYXRlIjozNjAwMDAwMDAwMDAwLCJkZWxldGUiOjM2MDAwMDAwMDAwMDAsInJlYWQiOjMwMDAwMDAwMDAwMCwidXBkYXRlIjozNjAwMDAwMDAwMDAwfSwic2NoZW1hX3ZlcnNpb24iOiIzIn0="
        },
        {
          "index_key": 2,
          "schema_version": 3,
          "attributes": {
            "access_tier": "Hot",
            "account_kind": "StorageV2",
            "account_replication_type": "LRS",
            "account_tier": "Standard",
            "allow_nested_items_to_be_public": true,
            "allowed_copy_scope": "",
            "azure_files_authentication": [],
            "blob_properties": [
              {
                "change_feed_enabled": false,
                "change_feed_retention_in_days": 0,
                "container_delete_retention_policy": [],
                "cors_rule": [],
                "default_service_version": "",
                "delete_retention_policy": [],
                "last_access_time_enabled": false,
                "restore_policy": [],
                "versioning_enabled": false
              }
            ],
            "cross_tenant_replication_enabled": true,
            "custom_domain": [],
            "customer_managed_key": [],
            "default_to_oauth_authentication": false,
            "edge_zone": "",
            "enable_https_traffic_only": true,
            "id": "/subscriptions/be7764c2-c5b2-4898-8e5b-cdec39bc2108/resourceGroups/bs_rg/providers/Microsoft.Storage/storageAccounts/plot907g3",
            "identity": [],
            "immutability_policy": [],
            "infrastructure_encryption_enabled": false,
            "is_hns_enabled": false,
            "large_file_share_enabled": null,
            "location": "southindia",
            "min_tls_version": "TLS1_2",
            "name": "plot907g3",
            "network_rules": [
              {
                "bypass": [
                  "AzureServices"
                ],
                "default_action": "Allow",
                "ip_rules": [],
                "private_link_access": [],
                "virtual_network_subnet_ids": []
              }
            ],
            "nfsv3_enabled": false,
            "primary_access_key": "+cFBMpmuAisX3aadZEkt/ywTvrnceEED88dnEPKttk+8PKZXANCoGvUXLSavrBVnGRvDO8kiUBXl+AStTXPHzw==",
            "primary_blob_connection_string": "DefaultEndpointsProtocol=https;BlobEndpoint=https://plot907g3.blob.core.windows.net/;AccountName=plot907g3;AccountKey=+cFBMpmuAisX3aadZEkt/ywTvrnceEED88dnEPKttk+8PKZXANCoGvUXLSavrBVnGRvDO8kiUBXl+AStTXPHzw==",
            "primary_blob_endpoint": "https://plot907g3.blob.core.windows.net/",
            "primary_blob_host": "plot907g3.blob.core.windows.net",
            "primary_connection_string": "DefaultEndpointsProtocol=https;AccountName=plot907g3;AccountKey=+cFBMpmuAisX3aadZEkt/ywTvrnceEED88dnEPKttk+8PKZXANCoGvUXLSavrBVnGRvDO8kiUBXl+AStTXPHzw==;EndpointSuffix=core.windows.net",
            "primary_dfs_endpoint": "https://plot907g3.dfs.core.windows.net/",
            "primary_dfs_host": "plot907g3.dfs.core.windows.net",
            "primary_file_endpoint": "https://plot907g3.file.core.windows.net/",
            "primary_file_host": "plot907g3.file.core.windows.net",
            "primary_location": "southindia",
            "primary_queue_endpoint": "https://plot907g3.queue.core.windows.net/",
            "primary_queue_host": "plot907g3.queue.core.windows.net",
            "primary_table_endpoint": "https://plot907g3.table.core.windows.net/",
            "primary_table_host": "plot907g3.table.core.windows.net",
            "primary_web_endpoint": "https://plot907g3.z30.web.core.windows.net/",
            "primary_web_host": "plot907g3.z30.web.core.windows.net",
            "public_network_access_enabled": true,
            "queue_encryption_key_type": "Service",
            "queue_properties": [
              {
                "cors_rule": [],
                "hour_metrics": [
                  {
                    "enabled": true,
                    "include_apis": true,
                    "retention_policy_days": 7,
                    "version": "1.0"
                  }
                ],
                "logging": [
                  {
                    "delete": false,
                    "read": false,
                    "retention_policy_days": 0,
                    "version": "1.0",
                    "write": false
                  }
                ],
                "minute_metrics": [
                  {
                    "enabled": false,
                    "include_apis": false,
                    "retention_policy_days": 0,
                    "version": "1.0"
                  }
                ]
              }
            ],
            "resource_group_name": "bs_rg",
            "routing": [],
            "sas_policy": [],
            "secondary_access_key": "0gDTvdfaL725i1EHEZ1J4C3S+9BQ29O8XrPNVDtlEVBaC2OAuoma7UtYwtlNxavGK6IYLOEse+yn+ASttOCMTA==",
            "secondary_blob_connection_string": "",
            "secondary_blob_endpoint": null,
            "secondary_blob_host": null,
            "secondary_connection_string": "DefaultEndpointsProtocol=https;AccountName=plot907g3;AccountKey=0gDTvdfaL725i1EHEZ1J4C3S+9BQ29O8XrPNVDtlEVBaC2OAuoma7UtYwtlNxavGK6IYLOEse+yn+ASttOCMTA==;EndpointSuffix=core.windows.net",
            "secondary_dfs_endpoint": null,
            "secondary_dfs_host": null,
            "secondary_file_endpoint": null,
            "secondary_file_host": null,
            "secondary_location": "",
            "secondary_queue_endpoint": null,
            "secondary_queue_host": null,
            "secondary_table_endpoint": null,
            "secondary_table_host": null,
            "secondary_web_endpoint": null,
            "secondary_web_host": null,
            "sftp_enabled": false,
            "share_properties": [
              {
                "cors_rule": [],
                "retention_policy": [
                  {
                    "days": 7
                  }
                ],
                "smb": []
              }
            ],
            "shared_access_key_enabled": true,
            "static_website": [],
            "table_encryption_key_type": "Service",
            "tags": {
              "environment": "staging"
            },
            "timeouts": null
          },
          "sensitive_attributes": [],
          "private": "eyJlMmJmYjczMC1lY2FhLTExZTYtOGY4OC0zNDM2M2JjN2M0YzAiOnsiY3JlYXRlIjozNjAwMDAwMDAwMDAwLCJkZWxldGUiOjM2MDAwMDAwMDAwMDAsInJlYWQiOjMwMDAwMDAwMDAwMCwidXBkYXRlIjozNjAwMDAwMDAwMDAwfSwic2NoZW1hX3ZlcnNpb24iOiIzIn0="
        },
        {
          "index_key": 3,
          "schema_version": 3,
          "attributes": {
            "access_tier": "Hot",
            "account_kind": "StorageV2",
            "account_replication_type": "LRS",
            "account_tier": "Standard",
            "allow_nested_items_to_be_public": true,
            "allowed_copy_scope": "",
            "azure_files_authentication": [],
            "blob_properties": [
              {
                "change_feed_enabled": false,
                "change_feed_retention_in_days": 0,
                "container_delete_retention_policy": [],
                "cors_rule": [],
                "default_service_version": "",
                "delete_retention_policy": [],
                "last_access_time_enabled": false,
                "restore_policy": [],
                "versioning_enabled": false
              }
            ],
            "cross_tenant_replication_enabled": true,
            "custom_domain": [],
            "customer_managed_key": [],
            "default_to_oauth_authentication": false,
            "edge_zone": "",
            "enable_https_traffic_only": true,
            "id": "/subscriptions/be7764c2-c5b2-4898-8e5b-cdec39bc2108/resourceGroups/bs_rg/providers/Microsoft.Storage/storageAccounts/plot907g4",
            "identity": [],
            "immutability_policy": [],
            "infrastructure_encryption_enabled": false,
            "is_hns_enabled": false,
            "large_file_share_enabled": null,
            "location": "southindia",
            "min_tls_version": "TLS1_2",
            "name": "plot907g4",
            "network_rules": [
              {
                "bypass": [
                  "AzureServices"
                ],
                "default_action": "Allow",
                "ip_rules": [],
                "private_link_access": [],
                "virtual_network_subnet_ids": []
              }
            ],
            "nfsv3_enabled": false,
            "primary_access_key": "N72N/gyUk6r2TwxcAKHLY5spD9UTe271z2vpbI9L7xW6HdoPUtLQI8hY/JBnZep17a3azZSkCgRC+AStOFyQyA==",
            "primary_blob_connection_string": "DefaultEndpointsProtocol=https;BlobEndpoint=https://plot907g4.blob.core.windows.net/;AccountName=plot907g4;AccountKey=N72N/gyUk6r2TwxcAKHLY5spD9UTe271z2vpbI9L7xW6HdoPUtLQI8hY/JBnZep17a3azZSkCgRC+AStOFyQyA==",
            "primary_blob_endpoint": "https://plot907g4.blob.core.windows.net/",
            "primary_blob_host": "plot907g4.blob.core.windows.net",
            "primary_connection_string": "DefaultEndpointsProtocol=https;AccountName=plot907g4;AccountKey=N72N/gyUk6r2TwxcAKHLY5spD9UTe271z2vpbI9L7xW6HdoPUtLQI8hY/JBnZep17a3azZSkCgRC+AStOFyQyA==;EndpointSuffix=core.windows.net",
            "primary_dfs_endpoint": "https://plot907g4.dfs.core.windows.net/",
            "primary_dfs_host": "plot907g4.dfs.core.windows.net",
            "primary_file_endpoint": "https://plot907g4.file.core.windows.net/",
            "primary_file_host": "plot907g4.file.core.windows.net",
            "primary_location": "southindia",
            "primary_queue_endpoint": "https://plot907g4.queue.core.windows.net/",
            "primary_queue_host": "plot907g4.queue.core.windows.net",
            "primary_table_endpoint": "https://plot907g4.table.core.windows.net/",
            "primary_table_host": "plot907g4.table.core.windows.net",
            "primary_web_endpoint": "https://plot907g4.z30.web.core.windows.net/",
            "primary_web_host": "plot907g4.z30.web.core.windows.net",
            "public_network_access_enabled": true,
            "queue_encryption_key_type": "Service",
            "queue_properties": [
              {
                "cors_rule": [],
                "hour_metrics": [
                  {
                    "enabled": true,
                    "include_apis": true,
                    "retention_policy_days": 7,
                    "version": "1.0"
                  }
                ],
                "logging": [
                  {
                    "delete": false,
                    "read": false,
                    "retention_policy_days": 0,
                    "version": "1.0",
                    "write": false
                  }
                ],
                "minute_metrics": [
                  {
                    "enabled": false,
                    "include_apis": false,
                    "retention_policy_days": 0,
                    "version": "1.0"
                  }
                ]
              }
            ],
            "resource_group_name": "bs_rg",
            "routing": [],
            "sas_policy": [],
            "secondary_access_key": "eJL5RoMjP2YiorIOUxg7nxI//racxwibQxSGa6YgSmzBjmKMgGvFNMQEO8IiPu9T2C18Af7CULE9+AStRTi8hg==",
            "secondary_blob_connection_string": "",
            "secondary_blob_endpoint": null,
            "secondary_blob_host": null,
            "secondary_connection_string": "DefaultEndpointsProtocol=https;AccountName=plot907g4;AccountKey=eJL5RoMjP2YiorIOUxg7nxI//racxwibQxSGa6YgSmzBjmKMgGvFNMQEO8IiPu9T2C18Af7CULE9+AStRTi8hg==;EndpointSuffix=core.windows.net",
            "secondary_dfs_endpoint": null,
            "secondary_dfs_host": null,
            "secondary_file_endpoint": null,
            "secondary_file_host": null,
            "secondary_location": "",
            "secondary_queue_endpoint": null,
            "secondary_queue_host": null,
            "secondary_table_endpoint": null,
            "secondary_table_host": null,
            "secondary_web_endpoint": null,
            "secondary_web_host": null,
            "sftp_enabled": false,
            "share_properties": [
              {
                "cors_rule": [],
                "retention_policy": [
                  {
                    "days": 7
                  }
                ],
                "smb": []
              }
            ],
            "shared_access_key_enabled": true,
            "static_website": [],
            "table_encryption_key_type": "Service",
            "tags": {
              "environment": "staging"
            },
            "timeouts": null
          },
          "sensitive_attributes": [],
          "private": "eyJlMmJmYjczMC1lY2FhLTExZTYtOGY4OC0zNDM2M2JjN2M0YzAiOnsiY3JlYXRlIjozNjAwMDAwMDAwMDAwLCJkZWxldGUiOjM2MDAwMDAwMDAwMDAsInJlYWQiOjMwMDAwMDAwMDAwMCwidXBkYXRlIjozNjAwMDAwMDAwMDAwfSwic2NoZW1hX3ZlcnNpb24iOiIzIn0="
        }
      ]
    }
  ],
  "check_results": null
}
